
Microsoft Visual Studio Solution File, Format Version 12.00
# Visual Studio Version 16
VisualStudioVersion = 16.0.30804.86
MinimumVisualStudioVersion = 10.0.40219.1
Project("{FAE04EC0-301F-11D3-BF4B-00C04F79EFBC}") = "CodeWars", "CodeWars\CodeWars.csproj", "{3A249898-DC05-42FE-9D03-B827199E5698}"
EndProject
Global
	GlobalSection(SolutionConfigurationPlatforms) = preSolution
		Debug|Any CPU = Debug|Any CPU
		Release|Any CPU = Release|Any CPU
	EndGlobalSection
	GlobalSection(ProjectConfigurationPlatforms) = postSolution
		{3A249898-DC05-42FE-9D03-B827199E5698}.Debug|Any CPU.ActiveCfg = Debug|Any CPU
		{3A249898-DC05-42FE-9D03-B827199E5698}.Debug|Any CPU.Build.0 = Debug|Any CPU
		{3A249898-DC05-42FE-9D03-B827199E5698}.Release|Any CPU.ActiveCfg = Release|Any CPU
		{3A249898-DC05-42FE-9D03-B827199E5698}.Release|Any CPU.Build.0 = Release|Any CPU
	EndGlobalSection
	GlobalSection(SolutionProperties) = preSolution
		HideSolutionNode = FALSE
	EndGlobalSection
	GlobalSection(ExtensibilityGlobals) = postSolution
		SolutionGuid = {D4EE728A-E505-4E31-BB1B-3674411DD760}
	EndGlobalSection
EndGlobal
